
Microsoft Visual Studio Solution File, Format Version 9.00
# Visual Studio 2005
Project("{8BC9CEB8-8B4A-11D0-8D11-00A0C91BC942}") = "cximage", "cximage\mobile\cximage.vcproj", "{A5B633B4-F91A-4D9D-93F9-83E9D1F2CE7E}"
EndProject
Project("{8BC9CEB8-8B4A-11D0-8D11-00A0C91BC942}") = "gui", "gui\mobile\gui.vcproj", "{E3EB3336-0644-4860-9226-B1D3A1303C6D}"
EndProject
Project("{8BC9CEB8-8B4A-11D0-8D11-00A0C91BC942}") = "tools", "tools\mobile\tools.vcproj", "{976ADBD8-FF6D-44F9-8FB7-D8E26434D88E}"
EndProject
Project("{8BC9CEB8-8B4A-11D0-8D11-00A0C91BC942}") = "xmlparser", "xmlparser\mobile\xmlparser.vcproj", "{9F069E02-28C7-4E2D-AADD-5C9D2FA41A2A}"
EndProject
Project("{8BC9CEB8-8B4A-11D0-8D11-00A0C91BC942}") = "network", "network\mobile\network.vcproj", "{EC889BE1-5B4E-4FEF-9D2F-EB6E91E19E24}"
EndProject
Project("{8BC9CEB8-8B4A-11D0-8D11-00A0C91BC942}") = "business_model", "business_model\mobile\business_model.vcproj", "{E413ED03-1C71-4EA7-B17A-51BE9790D76F}"
EndProject
Project("{8BC9CEB8-8B4A-11D0-8D11-00A0C91BC942}") = "player", "player\mobile\player.vcproj", "{E29CF354-D45C-4BE6-893D-180357CFEA7F}"
EndProject
Global
	GlobalSection(SolutionConfigurationPlatforms) = preSolution
		Debug|Pocket PC 2003 (ARMV4) = Debug|Pocket PC 2003 (ARMV4)
		Debug|Smartphone 2003 (ARMV4) = Debug|Smartphone 2003 (ARMV4)
		Debug|Windows Mobile 5.0 Pocket PC SDK (ARMV4I) = Debug|Windows Mobile 5.0 Pocket PC SDK (ARMV4I)
		Debug|Windows Mobile 5.0 Smartphone SDK (ARMV4I) = Debug|Windows Mobile 5.0 Smartphone SDK (ARMV4I)
		Debug|Windows Mobile 6 Professional SDK (ARMV4I) = Debug|Windows Mobile 6 Professional SDK (ARMV4I)
		Debug|Windows Mobile 6 Standard SDK (ARMV4I) = Debug|Windows Mobile 6 Standard SDK (ARMV4I)
		Release|Pocket PC 2003 (ARMV4) = Release|Pocket PC 2003 (ARMV4)
		Release|Smartphone 2003 (ARMV4) = Release|Smartphone 2003 (ARMV4)
		Release|Windows Mobile 5.0 Pocket PC SDK (ARMV4I) = Release|Windows Mobile 5.0 Pocket PC SDK (ARMV4I)
		Release|Windows Mobile 5.0 Smartphone SDK (ARMV4I) = Release|Windows Mobile 5.0 Smartphone SDK (ARMV4I)
		Release|Windows Mobile 6 Professional SDK (ARMV4I) = Release|Windows Mobile 6 Professional SDK (ARMV4I)
		Release|Windows Mobile 6 Standard SDK (ARMV4I) = Release|Windows Mobile 6 Standard SDK (ARMV4I)
		ReleaseCE|Pocket PC 2003 (ARMV4) = ReleaseCE|Pocket PC 2003 (ARMV4)
		ReleaseCE|Smartphone 2003 (ARMV4) = ReleaseCE|Smartphone 2003 (ARMV4)
		ReleaseCE|Windows Mobile 5.0 Pocket PC SDK (ARMV4I) = ReleaseCE|Windows Mobile 5.0 Pocket PC SDK (ARMV4I)
		ReleaseCE|Windows Mobile 5.0 Smartphone SDK (ARMV4I) = ReleaseCE|Windows Mobile 5.0 Smartphone SDK (ARMV4I)
		ReleaseCE|Windows Mobile 6 Professional SDK (ARMV4I) = ReleaseCE|Windows Mobile 6 Professional SDK (ARMV4I)
		ReleaseCE|Windows Mobile 6 Standard SDK (ARMV4I) = ReleaseCE|Windows Mobile 6 Standard SDK (ARMV4I)
	EndGlobalSection
	GlobalSection(ProjectConfigurationPlatforms) = postSolution
		{A5B633B4-F91A-4D9D-93F9-83E9D1F2CE7E}.Debug|Pocket PC 2003 (ARMV4).ActiveCfg = Debug|Pocket PC 2003 (ARMV4)
		{A5B633B4-F91A-4D9D-93F9-83E9D1F2CE7E}.Debug|Pocket PC 2003 (ARMV4).Build.0 = Debug|Pocket PC 2003 (ARMV4)
		{A5B633B4-F91A-4D9D-93F9-83E9D1F2CE7E}.Debug|Pocket PC 2003 (ARMV4).Deploy.0 = Debug|Pocket PC 2003 (ARMV4)
		{A5B633B4-F91A-4D9D-93F9-83E9D1F2CE7E}.Debug|Smartphone 2003 (ARMV4).ActiveCfg = Debug|Smartphone 2003 (ARMV4)
		{A5B633B4-F91A-4D9D-93F9-83E9D1F2CE7E}.Debug|Smartphone 2003 (ARMV4).Build.0 = Debug|Smartphone 2003 (ARMV4)
		{A5B633B4-F91A-4D9D-93F9-83E9D1F2CE7E}.Debug|Smartphone 2003 (ARMV4).Deploy.0 = Debug|Smartphone 2003 (ARMV4)
		{A5B633B4-F91A-4D9D-93F9-83E9D1F2CE7E}.Debug|Windows Mobile 5.0 Pocket PC SDK (ARMV4I).ActiveCfg = Debug|Windows Mobile 5.0 Pocket PC SDK (ARMV4I)
		{A5B633B4-F91A-4D9D-93F9-83E9D1F2CE7E}.Debug|Windows Mobile 5.0 Pocket PC SDK (ARMV4I).Build.0 = Debug|Windows Mobile 5.0 Pocket PC SDK (ARMV4I)
		{A5B633B4-F91A-4D9D-93F9-83E9D1F2CE7E}.Debug|Windows Mobile 5.0 Pocket PC SDK (ARMV4I).Deploy.0 = Debug|Windows Mobile 5.0 Pocket PC SDK (ARMV4I)
		{A5B633B4-F91A-4D9D-93F9-83E9D1F2CE7E}.Debug|Windows Mobile 5.0 Smartphone SDK (ARMV4I).ActiveCfg = Debug|Windows Mobile 5.0 Smartphone SDK (ARMV4I)
		{A5B633B4-F91A-4D9D-93F9-83E9D1F2CE7E}.Debug|Windows Mobile 5.0 Smartphone SDK (ARMV4I).Build.0 = Debug|Windows Mobile 5.0 Smartphone SDK (ARMV4I)
		{A5B633B4-F91A-4D9D-93F9-83E9D1F2CE7E}.Debug|Windows Mobile 5.0 Smartphone SDK (ARMV4I).Deploy.0 = Debug|Windows Mobile 5.0 Smartphone SDK (ARMV4I)
		{A5B633B4-F91A-4D9D-93F9-83E9D1F2CE7E}.Debug|Windows Mobile 6 Professional SDK (ARMV4I).ActiveCfg = Debug|Windows Mobile 5.0 Smartphone SDK (ARMV4I)
		{A5B633B4-F91A-4D9D-93F9-83E9D1F2CE7E}.Debug|Windows Mobile 6 Standard SDK (ARMV4I).ActiveCfg = Debug|Windows Mobile 5.0 Smartphone SDK (ARMV4I)
		{A5B633B4-F91A-4D9D-93F9-83E9D1F2CE7E}.Release|Pocket PC 2003 (ARMV4).ActiveCfg = Release|Pocket PC 2003 (ARMV4)
		{A5B633B4-F91A-4D9D-93F9-83E9D1F2CE7E}.Release|Pocket PC 2003 (ARMV4).Build.0 = Release|Pocket PC 2003 (ARMV4)
		{A5B633B4-F91A-4D9D-93F9-83E9D1F2CE7E}.Release|Pocket PC 2003 (ARMV4).Deploy.0 = Release|Pocket PC 2003 (ARMV4)
		{A5B633B4-F91A-4D9D-93F9-83E9D1F2CE7E}.Release|Smartphone 2003 (ARMV4).ActiveCfg = Release|Smartphone 2003 (ARMV4)
		{A5B633B4-F91A-4D9D-93F9-83E9D1F2CE7E}.Release|Smartphone 2003 (ARMV4).Build.0 = Release|Smartphone 2003 (ARMV4)
		{A5B633B4-F91A-4D9D-93F9-83E9D1F2CE7E}.Release|Smartphone 2003 (ARMV4).Deploy.0 = Release|Smartphone 2003 (ARMV4)
		{A5B633B4-F91A-4D9D-93F9-83E9D1F2CE7E}.Release|Windows Mobile 5.0 Pocket PC SDK (ARMV4I).ActiveCfg = Release|Windows Mobile 5.0 Pocket PC SDK (ARMV4I)
		{A5B633B4-F91A-4D9D-93F9-83E9D1F2CE7E}.Release|Windows Mobile 5.0 Pocket PC SDK (ARMV4I).Build.0 = Release|Windows Mobile 5.0 Pocket PC SDK (ARMV4I)
		{A5B633B4-F91A-4D9D-93F9-83E9D1F2CE7E}.Release|Windows Mobile 5.0 Pocket PC SDK (ARMV4I).Deploy.0 = Release|Windows Mobile 5.0 Pocket PC SDK (ARMV4I)
		{A5B633B4-F91A-4D9D-93F9-83E9D1F2CE7E}.Release|Windows Mobile 5.0 Smartphone SDK (ARMV4I).ActiveCfg = Release|Windows Mobile 5.0 Smartphone SDK (ARMV4I)
		{A5B633B4-F91A-4D9D-93F9-83E9D1F2CE7E}.Release|Windows Mobile 5.0 Smartphone SDK (ARMV4I).Build.0 = Release|Windows Mobile 5.0 Smartphone SDK (ARMV4I)
		{A5B633B4-F91A-4D9D-93F9-83E9D1F2CE7E}.Release|Windows Mobile 5.0 Smartphone SDK (ARMV4I).Deploy.0 = Release|Windows Mobile 5.0 Smartphone SDK (ARMV4I)
		{A5B633B4-F91A-4D9D-93F9-83E9D1F2CE7E}.Release|Windows Mobile 6 Professional SDK (ARMV4I).ActiveCfg = Release|Windows Mobile 5.0 Smartphone SDK (ARMV4I)
		{A5B633B4-F91A-4D9D-93F9-83E9D1F2CE7E}.Release|Windows Mobile 6 Standard SDK (ARMV4I).ActiveCfg = Release|Windows Mobile 5.0 Smartphone SDK (ARMV4I)
		{A5B633B4-F91A-4D9D-93F9-83E9D1F2CE7E}.ReleaseCE|Pocket PC 2003 (ARMV4).ActiveCfg = ReleaseCE|Pocket PC 2003 (ARMV4)
		{A5B633B4-F91A-4D9D-93F9-83E9D1F2CE7E}.ReleaseCE|Pocket PC 2003 (ARMV4).Build.0 = ReleaseCE|Pocket PC 2003 (ARMV4)
		{A5B633B4-F91A-4D9D-93F9-83E9D1F2CE7E}.ReleaseCE|Pocket PC 2003 (ARMV4).Deploy.0 = ReleaseCE|Pocket PC 2003 (ARMV4)
		{A5B633B4-F91A-4D9D-93F9-83E9D1F2CE7E}.ReleaseCE|Smartphone 2003 (ARMV4).ActiveCfg = ReleaseCE|Smartphone 2003 (ARMV4)
		{A5B633B4-F91A-4D9D-93F9-83E9D1F2CE7E}.ReleaseCE|Smartphone 2003 (ARMV4).Build.0 = ReleaseCE|Smartphone 2003 (ARMV4)
		{A5B633B4-F91A-4D9D-93F9-83E9D1F2CE7E}.ReleaseCE|Smartphone 2003 (ARMV4).Deploy.0 = ReleaseCE|Smartphone 2003 (ARMV4)
		{A5B633B4-F91A-4D9D-93F9-83E9D1F2CE7E}.ReleaseCE|Windows Mobile 5.0 Pocket PC SDK (ARMV4I).ActiveCfg = ReleaseCE|Windows Mobile 5.0 Pocket PC SDK (ARMV4I)
		{A5B633B4-F91A-4D9D-93F9-83E9D1F2CE7E}.ReleaseCE|Windows Mobile 5.0 Pocket PC SDK (ARMV4I).Build.0 = ReleaseCE|Windows Mobile 5.0 Pocket PC SDK (ARMV4I)
		{A5B633B4-F91A-4D9D-93F9-83E9D1F2CE7E}.ReleaseCE|Windows Mobile 5.0 Pocket PC SDK (ARMV4I).Deploy.0 = ReleaseCE|Windows Mobile 5.0 Pocket PC SDK (ARMV4I)
		{A5B633B4-F91A-4D9D-93F9-83E9D1F2CE7E}.ReleaseCE|Windows Mobile 5.0 Smartphone SDK (ARMV4I).ActiveCfg = ReleaseCE|Windows Mobile 5.0 Smartphone SDK (ARMV4I)
		{A5B633B4-F91A-4D9D-93F9-83E9D1F2CE7E}.ReleaseCE|Windows Mobile 5.0 Smartphone SDK (ARMV4I).Build.0 = ReleaseCE|Windows Mobile 5.0 Smartphone SDK (ARMV4I)
		{A5B633B4-F91A-4D9D-93F9-83E9D1F2CE7E}.ReleaseCE|Windows Mobile 5.0 Smartphone SDK (ARMV4I).Deploy.0 = ReleaseCE|Windows Mobile 5.0 Smartphone SDK (ARMV4I)
		{A5B633B4-F91A-4D9D-93F9-83E9D1F2CE7E}.ReleaseCE|Windows Mobile 6 Professional SDK (ARMV4I).ActiveCfg = ReleaseCE|Windows Mobile 5.0 Smartphone SDK (ARMV4I)
		{A5B633B4-F91A-4D9D-93F9-83E9D1F2CE7E}.ReleaseCE|Windows Mobile 6 Standard SDK (ARMV4I).ActiveCfg = ReleaseCE|Windows Mobile 5.0 Smartphone SDK (ARMV4I)
		{E3EB3336-0644-4860-9226-B1D3A1303C6D}.Debug|Pocket PC 2003 (ARMV4).ActiveCfg = Debug|Pocket PC 2003 (ARMV4)
		{E3EB3336-0644-4860-9226-B1D3A1303C6D}.Debug|Pocket PC 2003 (ARMV4).Build.0 = Debug|Pocket PC 2003 (ARMV4)
		{E3EB3336-0644-4860-9226-B1D3A1303C6D}.Debug|Pocket PC 2003 (ARMV4).Deploy.0 = Debug|Pocket PC 2003 (ARMV4)
		{E3EB3336-0644-4860-9226-B1D3A1303C6D}.Debug|Smartphone 2003 (ARMV4).ActiveCfg = Debug|Smartphone 2003 (ARMV4)
		{E3EB3336-0644-4860-9226-B1D3A1303C6D}.Debug|Smartphone 2003 (ARMV4).Build.0 = Debug|Smartphone 2003 (ARMV4)
		{E3EB3336-0644-4860-9226-B1D3A1303C6D}.Debug|Smartphone 2003 (ARMV4).Deploy.0 = Debug|Smartphone 2003 (ARMV4)
		{E3EB3336-0644-4860-9226-B1D3A1303C6D}.Debug|Windows Mobile 5.0 Pocket PC SDK (ARMV4I).ActiveCfg = Debug|Windows Mobile 5.0 Pocket PC SDK (ARMV4I)
		{E3EB3336-0644-4860-9226-B1D3A1303C6D}.Debug|Windows Mobile 5.0 Pocket PC SDK (ARMV4I).Build.0 = Debug|Windows Mobile 5.0 Pocket PC SDK (ARMV4I)
		{E3EB3336-0644-4860-9226-B1D3A1303C6D}.Debug|Windows Mobile 5.0 Pocket PC SDK (ARMV4I).Deploy.0 = Debug|Windows Mobile 5.0 Pocket PC SDK (ARMV4I)
		{E3EB3336-0644-4860-9226-B1D3A1303C6D}.Debug|Windows Mobile 5.0 Smartphone SDK (ARMV4I).ActiveCfg = Debug|Windows Mobile 5.0 Smartphone SDK (ARMV4I)
		{E3EB3336-0644-4860-9226-B1D3A1303C6D}.Debug|Windows Mobile 5.0 Smartphone SDK (ARMV4I).Build.0 = Debug|Windows Mobile 5.0 Smartphone SDK (ARMV4I)
		{E3EB3336-0644-4860-9226-B1D3A1303C6D}.Debug|Windows Mobile 5.0 Smartphone SDK (ARMV4I).Deploy.0 = Debug|Windows Mobile 5.0 Smartphone SDK (ARMV4I)
		{E3EB3336-0644-4860-9226-B1D3A1303C6D}.Debug|Windows Mobile 6 Professional SDK (ARMV4I).ActiveCfg = Debug|Windows Mobile 6 Professional SDK (ARMV4I)
		{E3EB3336-0644-4860-9226-B1D3A1303C6D}.Debug|Windows Mobile 6 Professional SDK (ARMV4I).Build.0 = Debug|Windows Mobile 6 Professional SDK (ARMV4I)
		{E3EB3336-0644-4860-9226-B1D3A1303C6D}.Debug|Windows Mobile 6 Professional SDK (ARMV4I).Deploy.0 = Debug|Windows Mobile 6 Professional SDK (ARMV4I)
		{E3EB3336-0644-4860-9226-B1D3A1303C6D}.Debug|Windows Mobile 6 Standard SDK (ARMV4I).ActiveCfg = Debug|Windows Mobile 6 Standard SDK (ARMV4I)
		{E3EB3336-0644-4860-9226-B1D3A1303C6D}.Debug|Windows Mobile 6 Standard SDK (ARMV4I).Build.0 = Debug|Windows Mobile 6 Standard SDK (ARMV4I)
		{E3EB3336-0644-4860-9226-B1D3A1303C6D}.Debug|Windows Mobile 6 Standard SDK (ARMV4I).Deploy.0 = Debug|Windows Mobile 6 Standard SDK (ARMV4I)
		{E3EB3336-0644-4860-9226-B1D3A1303C6D}.Release|Pocket PC 2003 (ARMV4).ActiveCfg = Release|Pocket PC 2003 (ARMV4)
		{E3EB3336-0644-4860-9226-B1D3A1303C6D}.Release|Pocket PC 2003 (ARMV4).Build.0 = Release|Pocket PC 2003 (ARMV4)
		{E3EB3336-0644-4860-9226-B1D3A1303C6D}.Release|Pocket PC 2003 (ARMV4).Deploy.0 = Release|Pocket PC 2003 (ARMV4)
		{E3EB3336-0644-4860-9226-B1D3A1303C6D}.Release|Smartphone 2003 (ARMV4).ActiveCfg = Release|Smartphone 2003 (ARMV4)
		{E3EB3336-0644-4860-9226-B1D3A1303C6D}.Release|Smartphone 2003 (ARMV4).Build.0 = Release|Smartphone 2003 (ARMV4)
		{E3EB3336-0644-4860-9226-B1D3A1303C6D}.Release|Smartphone 2003 (ARMV4).Deploy.0 = Release|Smartphone 2003 (ARMV4)
		{E3EB3336-0644-4860-9226-B1D3A1303C6D}.Release|Windows Mobile 5.0 Pocket PC SDK (ARMV4I).ActiveCfg = Release|Windows Mobile 5.0 Pocket PC SDK (ARMV4I)
		{E3EB3336-0644-4860-9226-B1D3A1303C6D}.Release|Windows Mobile 5.0 Pocket PC SDK (ARMV4I).Build.0 = Release|Windows Mobile 5.0 Pocket PC SDK (ARMV4I)
		{E3EB3336-0644-4860-9226-B1D3A1303C6D}.Release|Windows Mobile 5.0 Pocket PC SDK (ARMV4I).Deploy.0 = Release|Windows Mobile 5.0 Pocket PC SDK (ARMV4I)
		{E3EB3336-0644-4860-9226-B1D3A1303C6D}.Release|Windows Mobile 5.0 Smartphone SDK (ARMV4I).ActiveCfg = Release|Windows Mobile 5.0 Smartphone SDK (ARMV4I)
		{E3EB3336-0644-4860-9226-B1D3A1303C6D}.Release|Windows Mobile 5.0 Smartphone SDK (ARMV4I).Build.0 = Release|Windows Mobile 5.0 Smartphone SDK (ARMV4I)
		{E3EB3336-0644-4860-9226-B1D3A1303C6D}.Release|Windows Mobile 5.0 Smartphone SDK (ARMV4I).Deploy.0 = Release|Windows Mobile 5.0 Smartphone SDK (ARMV4I)
		{E3EB3336-0644-4860-9226-B1D3A1303C6D}.Release|Windows Mobile 6 Professional SDK (ARMV4I).ActiveCfg = Release|Windows Mobile 6 Professional SDK (ARMV4I)
		{E3EB3336-0644-4860-9226-B1D3A1303C6D}.Release|Windows Mobile 6 Professional SDK (ARMV4I).Build.0 = Release|Windows Mobile 6 Professional SDK (ARMV4I)
		{E3EB3336-0644-4860-9226-B1D3A1303C6D}.Release|Windows Mobile 6 Professional SDK (ARMV4I).Deploy.0 = Release|Windows Mobile 6 Professional SDK (ARMV4I)
		{E3EB3336-0644-4860-9226-B1D3A1303C6D}.Release|Windows Mobile 6 Standard SDK (ARMV4I).ActiveCfg = Release|Windows Mobile 6 Standard SDK (ARMV4I)
		{E3EB3336-0644-4860-9226-B1D3A1303C6D}.Release|Windows Mobile 6 Standard SDK (ARMV4I).Build.0 = Release|Windows Mobile 6 Standard SDK (ARMV4I)
		{E3EB3336-0644-4860-9226-B1D3A1303C6D}.Release|Windows Mobile 6 Standard SDK (ARMV4I).Deploy.0 = Release|Windows Mobile 6 Standard SDK (ARMV4I)
		{E3EB3336-0644-4860-9226-B1D3A1303C6D}.ReleaseCE|Pocket PC 2003 (ARMV4).ActiveCfg = Release|Windows Mobile 6 Professional SDK (ARMV4I)
		{E3EB3336-0644-4860-9226-B1D3A1303C6D}.ReleaseCE|Smartphone 2003 (ARMV4).ActiveCfg = Release|Windows Mobile 6 Professional SDK (ARMV4I)
		{E3EB3336-0644-4860-9226-B1D3A1303C6D}.ReleaseCE|Windows Mobile 5.0 Pocket PC SDK (ARMV4I).ActiveCfg = Release|Windows Mobile 6 Professional SDK (ARMV4I)
		{E3EB3336-0644-4860-9226-B1D3A1303C6D}.ReleaseCE|Windows Mobile 5.0 Smartphone SDK (ARMV4I).ActiveCfg = Release|Windows Mobile 6 Professional SDK (ARMV4I)
		{E3EB3336-0644-4860-9226-B1D3A1303C6D}.ReleaseCE|Windows Mobile 6 Professional SDK (ARMV4I).ActiveCfg = Release|Windows Mobile 6 Professional SDK (ARMV4I)
		{E3EB3336-0644-4860-9226-B1D3A1303C6D}.ReleaseCE|Windows Mobile 6 Professional SDK (ARMV4I).Build.0 = Release|Windows Mobile 6 Professional SDK (ARMV4I)
		{E3EB3336-0644-4860-9226-B1D3A1303C6D}.ReleaseCE|Windows Mobile 6 Professional SDK (ARMV4I).Deploy.0 = Release|Windows Mobile 6 Professional SDK (ARMV4I)
		{E3EB3336-0644-4860-9226-B1D3A1303C6D}.ReleaseCE|Windows Mobile 6 Standard SDK (ARMV4I).ActiveCfg = Release|Windows Mobile 6 Professional SDK (ARMV4I)
		{976ADBD8-FF6D-44F9-8FB7-D8E26434D88E}.Debug|Pocket PC 2003 (ARMV4).ActiveCfg = Debug|Pocket PC 2003 (ARMV4)
		{976ADBD8-FF6D-44F9-8FB7-D8E26434D88E}.Debug|Pocket PC 2003 (ARMV4).Build.0 = Debug|Pocket PC 2003 (ARMV4)
		{976ADBD8-FF6D-44F9-8FB7-D8E26434D88E}.Debug|Pocket PC 2003 (ARMV4).Deploy.0 = Debug|Pocket PC 2003 (ARMV4)
		{976ADBD8-FF6D-44F9-8FB7-D8E26434D88E}.Debug|Smartphone 2003 (ARMV4).ActiveCfg = Debug|Smartphone 2003 (ARMV4)
		{976ADBD8-FF6D-44F9-8FB7-D8E26434D88E}.Debug|Smartphone 2003 (ARMV4).Build.0 = Debug|Smartphone 2003 (ARMV4)
		{976ADBD8-FF6D-44F9-8FB7-D8E26434D88E}.Debug|Smartphone 2003 (ARMV4).Deploy.0 = Debug|Smartphone 2003 (ARMV4)
		{976ADBD8-FF6D-44F9-8FB7-D8E26434D88E}.Debug|Windows Mobile 5.0 Pocket PC SDK (ARMV4I).ActiveCfg = Debug|Windows Mobile 5.0 Pocket PC SDK (ARMV4I)
		{976ADBD8-FF6D-44F9-8FB7-D8E26434D88E}.Debug|Windows Mobile 5.0 Pocket PC SDK (ARMV4I).Build.0 = Debug|Windows Mobile 5.0 Pocket PC SDK (ARMV4I)
		{976ADBD8-FF6D-44F9-8FB7-D8E26434D88E}.Debug|Windows Mobile 5.0 Pocket PC SDK (ARMV4I).Deploy.0 = Debug|Windows Mobile 5.0 Pocket PC SDK (ARMV4I)
		{976ADBD8-FF6D-44F9-8FB7-D8E26434D88E}.Debug|Windows Mobile 5.0 Smartphone SDK (ARMV4I).ActiveCfg = Debug|Windows Mobile 5.0 Smartphone SDK (ARMV4I)
		{976ADBD8-FF6D-44F9-8FB7-D8E26434D88E}.Debug|Windows Mobile 5.0 Smartphone SDK (ARMV4I).Build.0 = Debug|Windows Mobile 5.0 Smartphone SDK (ARMV4I)
		{976ADBD8-FF6D-44F9-8FB7-D8E26434D88E}.Debug|Windows Mobile 5.0 Smartphone SDK (ARMV4I).Deploy.0 = Debug|Windows Mobile 5.0 Smartphone SDK (ARMV4I)
		{976ADBD8-FF6D-44F9-8FB7-D8E26434D88E}.Debug|Windows Mobile 6 Professional SDK (ARMV4I).ActiveCfg = Debug|Windows Mobile 6 Professional SDK (ARMV4I)
		{976ADBD8-FF6D-44F9-8FB7-D8E26434D88E}.Debug|Windows Mobile 6 Professional SDK (ARMV4I).Build.0 = Debug|Windows Mobile 6 Professional SDK (ARMV4I)
		{976ADBD8-FF6D-44F9-8FB7-D8E26434D88E}.Debug|Windows Mobile 6 Professional SDK (ARMV4I).Deploy.0 = Debug|Windows Mobile 6 Professional SDK (ARMV4I)
		{976ADBD8-FF6D-44F9-8FB7-D8E26434D88E}.Debug|Windows Mobile 6 Standard SDK (ARMV4I).ActiveCfg = Debug|Windows Mobile 6 Standard SDK (ARMV4I)
		{976ADBD8-FF6D-44F9-8FB7-D8E26434D88E}.Debug|Windows Mobile 6 Standard SDK (ARMV4I).Build.0 = Debug|Windows Mobile 6 Standard SDK (ARMV4I)
		{976ADBD8-FF6D-44F9-8FB7-D8E26434D88E}.Debug|Windows Mobile 6 Standard SDK (ARMV4I).Deploy.0 = Debug|Windows Mobile 6 Standard SDK (ARMV4I)
		{976ADBD8-FF6D-44F9-8FB7-D8E26434D88E}.Release|Pocket PC 2003 (ARMV4).ActiveCfg = Release|Pocket PC 2003 (ARMV4)
		{976ADBD8-FF6D-44F9-8FB7-D8E26434D88E}.Release|Pocket PC 2003 (ARMV4).Build.0 = Release|Pocket PC 2003 (ARMV4)
		{976ADBD8-FF6D-44F9-8FB7-D8E26434D88E}.Release|Pocket PC 2003 (ARMV4).Deploy.0 = Release|Pocket PC 2003 (ARMV4)
		{976ADBD8-FF6D-44F9-8FB7-D8E26434D88E}.Release|Smartphone 2003 (ARMV4).ActiveCfg = Release|Smartphone 2003 (ARMV4)
		{976ADBD8-FF6D-44F9-8FB7-D8E26434D88E}.Release|Smartphone 2003 (ARMV4).Build.0 = Release|Smartphone 2003 (ARMV4)
		{976ADBD8-FF6D-44F9-8FB7-D8E26434D88E}.Release|Smartphone 2003 (ARMV4).Deploy.0 = Release|Smartphone 2003 (ARMV4)
		{976ADBD8-FF6D-44F9-8FB7-D8E26434D88E}.Release|Windows Mobile 5.0 Pocket PC SDK (ARMV4I).ActiveCfg = Release|Windows Mobile 5.0 Pocket PC SDK (ARMV4I)
		{976ADBD8-FF6D-44F9-8FB7-D8E26434D88E}.Release|Windows Mobile 5.0 Pocket PC SDK (ARMV4I).Build.0 = Release|Windows Mobile 5.0 Pocket PC SDK (ARMV4I)
		{976ADBD8-FF6D-44F9-8FB7-D8E26434D88E}.Release|Windows Mobile 5.0 Pocket PC SDK (ARMV4I).Deploy.0 = Release|Windows Mobile 5.0 Pocket PC SDK (ARMV4I)
		{976ADBD8-FF6D-44F9-8FB7-D8E26434D88E}.Release|Windows Mobile 5.0 Smartphone SDK (ARMV4I).ActiveCfg = Release|Windows Mobile 5.0 Smartphone SDK (ARMV4I)
		{976ADBD8-FF6D-44F9-8FB7-D8E26434D88E}.Release|Windows Mobile 5.0 Smartphone SDK (ARMV4I).Build.0 = Release|Windows Mobile 5.0 Smartphone SDK (ARMV4I)
		{976ADBD8-FF6D-44F9-8FB7-D8E26434D88E}.Release|Windows Mobile 5.0 Smartphone SDK (ARMV4I).Deploy.0 = Release|Windows Mobile 5.0 Smartphone SDK (ARMV4I)
		{976ADBD8-FF6D-44F9-8FB7-D8E26434D88E}.Release|Windows Mobile 6 Professional SDK (ARMV4I).ActiveCfg = Release|Windows Mobile 6 Professional SDK (ARMV4I)
		{976ADBD8-FF6D-44F9-8FB7-D8E26434D88E}.Release|Windows Mobile 6 Professional SDK (ARMV4I).Build.0 = Release|Windows Mobile 6 Professional SDK (ARMV4I)
		{976ADBD8-FF6D-44F9-8FB7-D8E26434D88E}.Release|Windows Mobile 6 Professional SDK (ARMV4I).Deploy.0 = Release|Windows Mobile 6 Professional SDK (ARMV4I)
		{976ADBD8-FF6D-44F9-8FB7-D8E26434D88E}.Release|Windows Mobile 6 Standard SDK (ARMV4I).ActiveCfg = Release|Windows Mobile 6 Standard SDK (ARMV4I)
		{976ADBD8-FF6D-44F9-8FB7-D8E26434D88E}.Release|Windows Mobile 6 Standard SDK (ARMV4I).Build.0 = Release|Windows Mobile 6 Standard SDK (ARMV4I)
		{976ADBD8-FF6D-44F9-8FB7-D8E26434D88E}.Release|Windows Mobile 6 Standard SDK (ARMV4I).Deploy.0 = Release|Windows Mobile 6 Standard SDK (ARMV4I)
		{976ADBD8-FF6D-44F9-8FB7-D8E26434D88E}.ReleaseCE|Pocket PC 2003 (ARMV4).ActiveCfg = Release|Windows Mobile 6 Professional SDK (ARMV4I)
		{976ADBD8-FF6D-44F9-8FB7-D8E26434D88E}.ReleaseCE|Smartphone 2003 (ARMV4).ActiveCfg = Release|Windows Mobile 6 Professional SDK (ARMV4I)
		{976ADBD8-FF6D-44F9-8FB7-D8E26434D88E}.ReleaseCE|Windows Mobile 5.0 Pocket PC SDK (ARMV4I).ActiveCfg = Release|Windows Mobile 6 Professional SDK (ARMV4I)
		{976ADBD8-FF6D-44F9-8FB7-D8E26434D88E}.ReleaseCE|Windows Mobile 5.0 Smartphone SDK (ARMV4I).ActiveCfg = Release|Windows Mobile 6 Professional SDK (ARMV4I)
		{976ADBD8-FF6D-44F9-8FB7-D8E26434D88E}.ReleaseCE|Windows Mobile 6 Professional SDK (ARMV4I).ActiveCfg = Release|Windows Mobile 6 Professional SDK (ARMV4I)
		{976ADBD8-FF6D-44F9-8FB7-D8E26434D88E}.ReleaseCE|Windows Mobile 6 Professional SDK (ARMV4I).Build.0 = Release|Windows Mobile 6 Professional SDK (ARMV4I)
		{976ADBD8-FF6D-44F9-8FB7-D8E26434D88E}.ReleaseCE|Windows Mobile 6 Professional SDK (ARMV4I).Deploy.0 = Release|Windows Mobile 6 Professional SDK (ARMV4I)
		{976ADBD8-FF6D-44F9-8FB7-D8E26434D88E}.ReleaseCE|Windows Mobile 6 Standard SDK (ARMV4I).ActiveCfg = Release|Windows Mobile 6 Professional SDK (ARMV4I)
		{9F069E02-28C7-4E2D-AADD-5C9D2FA41A2A}.Debug|Pocket PC 2003 (ARMV4).ActiveCfg = Debug|Pocket PC 2003 (ARMV4)
		{9F069E02-28C7-4E2D-AADD-5C9D2FA41A2A}.Debug|Pocket PC 2003 (ARMV4).Build.0 = Debug|Pocket PC 2003 (ARMV4)
		{9F069E02-28C7-4E2D-AADD-5C9D2FA41A2A}.Debug|Pocket PC 2003 (ARMV4).Deploy.0 = Debug|Pocket PC 2003 (ARMV4)
		{9F069E02-28C7-4E2D-AADD-5C9D2FA41A2A}.Debug|Smartphone 2003 (ARMV4).ActiveCfg = Debug|Smartphone 2003 (ARMV4)
		{9F069E02-28C7-4E2D-AADD-5C9D2FA41A2A}.Debug|Smartphone 2003 (ARMV4).Build.0 = Debug|Smartphone 2003 (ARMV4)
		{9F069E02-28C7-4E2D-AADD-5C9D2FA41A2A}.Debug|Smartphone 2003 (ARMV4).Deploy.0 = Debug|Smartphone 2003 (ARMV4)
		{9F069E02-28C7-4E2D-AADD-5C9D2FA41A2A}.Debug|Windows Mobile 5.0 Pocket PC SDK (ARMV4I).ActiveCfg = Debug|Windows Mobile 5.0 Pocket PC SDK (ARMV4I)
		{9F069E02-28C7-4E2D-AADD-5C9D2FA41A2A}.Debug|Windows Mobile 5.0 Pocket PC SDK (ARMV4I).Build.0 = Debug|Windows Mobile 5.0 Pocket PC SDK (ARMV4I)
		{9F069E02-28C7-4E2D-AADD-5C9D2FA41A2A}.Debug|Windows Mobile 5.0 Pocket PC SDK (ARMV4I).Deploy.0 = Debug|Windows Mobile 5.0 Pocket PC SDK (ARMV4I)
		{9F069E02-28C7-4E2D-AADD-5C9D2FA41A2A}.Debug|Windows Mobile 5.0 Smartphone SDK (ARMV4I).ActiveCfg = Debug|Windows Mobile 5.0 Smartphone SDK (ARMV4I)
		{9F069E02-28C7-4E2D-AADD-5C9D2FA41A2A}.Debug|Windows Mobile 5.0 Smartphone SDK (ARMV4I).Build.0 = Debug|Windows Mobile 5.0 Smartphone SDK (ARMV4I)
		{9F069E02-28C7-4E2D-AADD-5C9D2FA41A2A}.Debug|Windows Mobile 5.0 Smartphone SDK (ARMV4I).Deploy.0 = Debug|Windows Mobile 5.0 Smartphone SDK (ARMV4I)
		{9F069E02-28C7-4E2D-AADD-5C9D2FA41A2A}.Debug|Windows Mobile 6 Professional SDK (ARMV4I).ActiveCfg = Debug|Windows Mobile 6 Professional SDK (ARMV4I)
		{9F069E02-28C7-4E2D-AADD-5C9D2FA41A2A}.Debug|Windows Mobile 6 Professional SDK (ARMV4I).Build.0 = Debug|Windows Mobile 6 Professional SDK (ARMV4I)
		{9F069E02-28C7-4E2D-AADD-5C9D2FA41A2A}.Debug|Windows Mobile 6 Professional SDK (ARMV4I).Deploy.0 = Debug|Windows Mobile 6 Professional SDK (ARMV4I)
		{9F069E02-28C7-4E2D-AADD-5C9D2FA41A2A}.Debug|Windows Mobile 6 Standard SDK (ARMV4I).ActiveCfg = Debug|Windows Mobile 6 Standard SDK (ARMV4I)
		{9F069E02-28C7-4E2D-AADD-5C9D2FA41A2A}.Debug|Windows Mobile 6 Standard SDK (ARMV4I).Build.0 = Debug|Windows Mobile 6 Standard SDK (ARMV4I)
		{9F069E02-28C7-4E2D-AADD-5C9D2FA41A2A}.Debug|Windows Mobile 6 Standard SDK (ARMV4I).Deploy.0 = Debug|Windows Mobile 6 Standard SDK (ARMV4I)
		{9F069E02-28C7-4E2D-AADD-5C9D2FA41A2A}.Release|Pocket PC 2003 (ARMV4).ActiveCfg = Release|Pocket PC 2003 (ARMV4)
		{9F069E02-28C7-4E2D-AADD-5C9D2FA41A2A}.Release|Pocket PC 2003 (ARMV4).Build.0 = Release|Pocket PC 2003 (ARMV4)
		{9F069E02-28C7-4E2D-AADD-5C9D2FA41A2A}.Release|Pocket PC 2003 (ARMV4).Deploy.0 = Release|Pocket PC 2003 (ARMV4)
		{9F069E02-28C7-4E2D-AADD-5C9D2FA41A2A}.Release|Smartphone 2003 (ARMV4).ActiveCfg = Release|Smartphone 2003 (ARMV4)
		{9F069E02-28C7-4E2D-AADD-5C9D2FA41A2A}.Release|Smartphone 2003 (ARMV4).Build.0 = Release|Smartphone 2003 (ARMV4)
		{9F069E02-28C7-4E2D-AADD-5C9D2FA41A2A}.Release|Smartphone 2003 (ARMV4).Deploy.0 = Release|Smartphone 2003 (ARMV4)
		{9F069E02-28C7-4E2D-AADD-5C9D2FA41A2A}.Release|Windows Mobile 5.0 Pocket PC SDK (ARMV4I).ActiveCfg = Release|Windows Mobile 5.0 Pocket PC SDK (ARMV4I)
		{9F069E02-28C7-4E2D-AADD-5C9D2FA41A2A}.Release|Windows Mobile 5.0 Pocket PC SDK (ARMV4I).Build.0 = Release|Windows Mobile 5.0 Pocket PC SDK (ARMV4I)
		{9F069E02-28C7-4E2D-AADD-5C9D2FA41A2A}.Release|Windows Mobile 5.0 Pocket PC SDK (ARMV4I).Deploy.0 = Release|Windows Mobile 5.0 Pocket PC SDK (ARMV4I)
		{9F069E02-28C7-4E2D-AADD-5C9D2FA41A2A}.Release|Windows Mobile 5.0 Smartphone SDK (ARMV4I).ActiveCfg = Release|Windows Mobile 5.0 Smartphone SDK (ARMV4I)
		{9F069E02-28C7-4E2D-AADD-5C9D2FA41A2A}.Release|Windows Mobile 5.0 Smartphone SDK (ARMV4I).Build.0 = Release|Windows Mobile 5.0 Smartphone SDK (ARMV4I)
		{9F069E02-28C7-4E2D-AADD-5C9D2FA41A2A}.Release|Windows Mobile 5.0 Smartphone SDK (ARMV4I).Deploy.0 = Release|Windows Mobile 5.0 Smartphone SDK (ARMV4I)
		{9F069E02-28C7-4E2D-AADD-5C9D2FA41A2A}.Release|Windows Mobile 6 Professional SDK (ARMV4I).ActiveCfg = Release|Windows Mobile 6 Professional SDK (ARMV4I)
		{9F069E02-28C7-4E2D-AADD-5C9D2FA41A2A}.Release|Windows Mobile 6 Professional SDK (ARMV4I).Build.0 = Release|Windows Mobile 6 Professional SDK (ARMV4I)
		{9F069E02-28C7-4E2D-AADD-5C9D2FA41A2A}.Release|Windows Mobile 6 Professional SDK (ARMV4I).Deploy.0 = Release|Windows Mobile 6 Professional SDK (ARMV4I)
		{9F069E02-28C7-4E2D-AADD-5C9D2FA41A2A}.Release|Windows Mobile 6 Standard SDK (ARMV4I).ActiveCfg = Release|Windows Mobile 6 Standard SDK (ARMV4I)
		{9F069E02-28C7-4E2D-AADD-5C9D2FA41A2A}.Release|Windows Mobile 6 Standard SDK (ARMV4I).Build.0 = Release|Windows Mobile 6 Standard SDK (ARMV4I)
		{9F069E02-28C7-4E2D-AADD-5C9D2FA41A2A}.Release|Windows Mobile 6 Standard SDK (ARMV4I).Deploy.0 = Release|Windows Mobile 6 Standard SDK (ARMV4I)
		{9F069E02-28C7-4E2D-AADD-5C9D2FA41A2A}.ReleaseCE|Pocket PC 2003 (ARMV4).ActiveCfg = Release|Windows Mobile 6 Professional SDK (ARMV4I)
		{9F069E02-28C7-4E2D-AADD-5C9D2FA41A2A}.ReleaseCE|Smartphone 2003 (ARMV4).ActiveCfg = Release|Windows Mobile 6 Professional SDK (ARMV4I)
		{9F069E02-28C7-4E2D-AADD-5C9D2FA41A2A}.ReleaseCE|Windows Mobile 5.0 Pocket PC SDK (ARMV4I).ActiveCfg = Release|Windows Mobile 6 Professional SDK (ARMV4I)
		{9F069E02-28C7-4E2D-AADD-5C9D2FA41A2A}.ReleaseCE|Windows Mobile 5.0 Smartphone SDK (ARMV4I).ActiveCfg = Release|Windows Mobile 6 Professional SDK (ARMV4I)
		{9F069E02-28C7-4E2D-AADD-5C9D2FA41A2A}.ReleaseCE|Windows Mobile 6 Professional SDK (ARMV4I).ActiveCfg = Release|Windows Mobile 6 Professional SDK (ARMV4I)
		{9F069E02-28C7-4E2D-AADD-5C9D2FA41A2A}.ReleaseCE|Windows Mobile 6 Professional SDK (ARMV4I).Build.0 = Release|Windows Mobile 6 Professional SDK (ARMV4I)
		{9F069E02-28C7-4E2D-AADD-5C9D2FA41A2A}.ReleaseCE|Windows Mobile 6 Professional SDK (ARMV4I).Deploy.0 = Release|Windows Mobile 6 Professional SDK (ARMV4I)
		{9F069E02-28C7-4E2D-AADD-5C9D2FA41A2A}.ReleaseCE|Windows Mobile 6 Standard SDK (ARMV4I).ActiveCfg = Release|Windows Mobile 6 Professional SDK (ARMV4I)
		{EC889BE1-5B4E-4FEF-9D2F-EB6E91E19E24}.Debug|Pocket PC 2003 (ARMV4).ActiveCfg = Debug|Pocket PC 2003 (ARMV4)
		{EC889BE1-5B4E-4FEF-9D2F-EB6E91E19E24}.Debug|Pocket PC 2003 (ARMV4).Build.0 = Debug|Pocket PC 2003 (ARMV4)
		{EC889BE1-5B4E-4FEF-9D2F-EB6E91E19E24}.Debug|Pocket PC 2003 (ARMV4).Deploy.0 = Debug|Pocket PC 2003 (ARMV4)
		{EC889BE1-5B4E-4FEF-9D2F-EB6E91E19E24}.Debug|Smartphone 2003 (ARMV4).ActiveCfg = Debug|Windows Mobile 6 Professional SDK (ARMV4I)
		{EC889BE1-5B4E-4FEF-9D2F-EB6E91E19E24}.Debug|Windows Mobile 5.0 Pocket PC SDK (ARMV4I).ActiveCfg = Debug|Windows Mobile 5.0 Pocket PC SDK (ARMV4I)
		{EC889BE1-5B4E-4FEF-9D2F-EB6E91E19E24}.Debug|Windows Mobile 5.0 Pocket PC SDK (ARMV4I).Build.0 = Debug|Windows Mobile 5.0 Pocket PC SDK (ARMV4I)
		{EC889BE1-5B4E-4FEF-9D2F-EB6E91E19E24}.Debug|Windows Mobile 5.0 Pocket PC SDK (ARMV4I).Deploy.0 = Debug|Windows Mobile 5.0 Pocket PC SDK (ARMV4I)
		{EC889BE1-5B4E-4FEF-9D2F-EB6E91E19E24}.Debug|Windows Mobile 5.0 Smartphone SDK (ARMV4I).ActiveCfg = Debug|Windows Mobile 5.0 Smartphone SDK (ARMV4I)
		{EC889BE1-5B4E-4FEF-9D2F-EB6E91E19E24}.Debug|Windows Mobile 5.0 Smartphone SDK (ARMV4I).Build.0 = Debug|Windows Mobile 5.0 Smartphone SDK (ARMV4I)
		{EC889BE1-5B4E-4FEF-9D2F-EB6E91E19E24}.Debug|Windows Mobile 5.0 Smartphone SDK (ARMV4I).Deploy.0 = Debug|Windows Mobile 5.0 Smartphone SDK (ARMV4I)
		{EC889BE1-5B4E-4FEF-9D2F-EB6E91E19E24}.Debug|Windows Mobile 6 Professional SDK (ARMV4I).ActiveCfg = Debug|Windows Mobile 6 Professional SDK (ARMV4I)
		{EC889BE1-5B4E-4FEF-9D2F-EB6E91E19E24}.Debug|Windows Mobile 6 Professional SDK (ARMV4I).Build.0 = Debug|Windows Mobile 6 Professional SDK (ARMV4I)
		{EC889BE1-5B4E-4FEF-9D2F-EB6E91E19E24}.Debug|Windows Mobile 6 Professional SDK (ARMV4I).Deploy.0 = Debug|Windows Mobile 6 Professional SDK (ARMV4I)
		{EC889BE1-5B4E-4FEF-9D2F-EB6E91E19E24}.Debug|Windows Mobile 6 Standard SDK (ARMV4I).ActiveCfg = Debug|Windows Mobile 6 Professional SDK (ARMV4I)
		{EC889BE1-5B4E-4FEF-9D2F-EB6E91E19E24}.Release|Pocket PC 2003 (ARMV4).ActiveCfg = Release|Pocket PC 2003 (ARMV4)
		{EC889BE1-5B4E-4FEF-9D2F-EB6E91E19E24}.Release|Pocket PC 2003 (ARMV4).Build.0 = Release|Pocket PC 2003 (ARMV4)
		{EC889BE1-5B4E-4FEF-9D2F-EB6E91E19E24}.Release|Pocket PC 2003 (ARMV4).Deploy.0 = Release|Pocket PC 2003 (ARMV4)
		{EC889BE1-5B4E-4FEF-9D2F-EB6E91E19E24}.Release|Smartphone 2003 (ARMV4).ActiveCfg = Release|Windows Mobile 6 Professional SDK (ARMV4I)
		{EC889BE1-5B4E-4FEF-9D2F-EB6E91E19E24}.Release|Windows Mobile 5.0 Pocket PC SDK (ARMV4I).ActiveCfg = Release|Windows Mobile 5.0 Pocket PC SDK (ARMV4I)
		{EC889BE1-5B4E-4FEF-9D2F-EB6E91E19E24}.Release|Windows Mobile 5.0 Pocket PC SDK (ARMV4I).Build.0 = Release|Windows Mobile 5.0 Pocket PC SDK (ARMV4I)
		{EC889BE1-5B4E-4FEF-9D2F-EB6E91E19E24}.Release|Windows Mobile 5.0 Pocket PC SDK (ARMV4I).Deploy.0 = Release|Windows Mobile 5.0 Pocket PC SDK (ARMV4I)
		{EC889BE1-5B4E-4FEF-9D2F-EB6E91E19E24}.Release|Windows Mobile 5.0 Smartphone SDK (ARMV4I).ActiveCfg = Release|Windows Mobile 5.0 Smartphone SDK (ARMV4I)
		{EC889BE1-5B4E-4FEF-9D2F-EB6E91E19E24}.Release|Windows Mobile 5.0 Smartphone SDK (ARMV4I).Build.0 = Release|Windows Mobile 5.0 Smartphone SDK (ARMV4I)
		{EC889BE1-5B4E-4FEF-9D2F-EB6E91E19E24}.Release|Windows Mobile 5.0 Smartphone SDK (ARMV4I).Deploy.0 = Release|Windows Mobile 5.0 Smartphone SDK (ARMV4I)
		{EC889BE1-5B4E-4FEF-9D2F-EB6E91E19E24}.Release|Windows Mobile 6 Professional SDK (ARMV4I).ActiveCfg = Release|Windows Mobile 6 Professional SDK (ARMV4I)
		{EC889BE1-5B4E-4FEF-9D2F-EB6E91E19E24}.Release|Windows Mobile 6 Professional SDK (ARMV4I).Build.0 = Release|Windows Mobile 6 Professional SDK (ARMV4I)
		{EC889BE1-5B4E-4FEF-9D2F-EB6E91E19E24}.Release|Windows Mobile 6 Professional SDK (ARMV4I).Deploy.0 = Release|Windows Mobile 6 Professional SDK (ARMV4I)
		{EC889BE1-5B4E-4FEF-9D2F-EB6E91E19E24}.Release|Windows Mobile 6 Standard SDK (ARMV4I).ActiveCfg = Release|Windows Mobile 6 Professional SDK (ARMV4I)
		{EC889BE1-5B4E-4FEF-9D2F-EB6E91E19E24}.ReleaseCE|Pocket PC 2003 (ARMV4).ActiveCfg = Release|Windows Mobile 6 Professional SDK (ARMV4I)
		{EC889BE1-5B4E-4FEF-9D2F-EB6E91E19E24}.ReleaseCE|Smartphone 2003 (ARMV4).ActiveCfg = Release|Windows Mobile 6 Professional SDK (ARMV4I)
		{EC889BE1-5B4E-4FEF-9D2F-EB6E91E19E24}.ReleaseCE|Windows Mobile 5.0 Pocket PC SDK (ARMV4I).ActiveCfg = Release|Windows Mobile 6 Professional SDK (ARMV4I)
		{EC889BE1-5B4E-4FEF-9D2F-EB6E91E19E24}.ReleaseCE|Windows Mobile 5.0 Smartphone SDK (ARMV4I).ActiveCfg = Release|Windows Mobile 6 Professional SDK (ARMV4I)
		{EC889BE1-5B4E-4FEF-9D2F-EB6E91E19E24}.ReleaseCE|Windows Mobile 6 Professional SDK (ARMV4I).ActiveCfg = Release|Windows Mobile 6 Professional SDK (ARMV4I)
		{EC889BE1-5B4E-4FEF-9D2F-EB6E91E19E24}.ReleaseCE|Windows Mobile 6 Professional SDK (ARMV4I).Build.0 = Release|Windows Mobile 6 Professional SDK (ARMV4I)
		{EC889BE1-5B4E-4FEF-9D2F-EB6E91E19E24}.ReleaseCE|Windows Mobile 6 Professional SDK (ARMV4I).Deploy.0 = Release|Windows Mobile 6 Professional SDK (ARMV4I)
		{EC889BE1-5B4E-4FEF-9D2F-EB6E91E19E24}.ReleaseCE|Windows Mobile 6 Standard SDK (ARMV4I).ActiveCfg = Release|Windows Mobile 6 Professional SDK (ARMV4I)
		{E413ED03-1C71-4EA7-B17A-51BE9790D76F}.Debug|Pocket PC 2003 (ARMV4).ActiveCfg = Debug|Pocket PC 2003 (ARMV4)
		{E413ED03-1C71-4EA7-B17A-51BE9790D76F}.Debug|Pocket PC 2003 (ARMV4).Build.0 = Debug|Pocket PC 2003 (ARMV4)
		{E413ED03-1C71-4EA7-B17A-51BE9790D76F}.Debug|Pocket PC 2003 (ARMV4).Deploy.0 = Debug|Pocket PC 2003 (ARMV4)
		{E413ED03-1C71-4EA7-B17A-51BE9790D76F}.Debug|Smartphone 2003 (ARMV4).ActiveCfg = Debug|Smartphone 2003 (ARMV4)
		{E413ED03-1C71-4EA7-B17A-51BE9790D76F}.Debug|Smartphone 2003 (ARMV4).Build.0 = Debug|Smartphone 2003 (ARMV4)
		{E413ED03-1C71-4EA7-B17A-51BE9790D76F}.Debug|Smartphone 2003 (ARMV4).Deploy.0 = Debug|Smartphone 2003 (ARMV4)
		{E413ED03-1C71-4EA7-B17A-51BE9790D76F}.Debug|Windows Mobile 5.0 Pocket PC SDK (ARMV4I).ActiveCfg = Debug|Windows Mobile 5.0 Pocket PC SDK (ARMV4I)
		{E413ED03-1C71-4EA7-B17A-51BE9790D76F}.Debug|Windows Mobile 5.0 Pocket PC SDK (ARMV4I).Build.0 = Debug|Windows Mobile 5.0 Pocket PC SDK (ARMV4I)
		{E413ED03-1C71-4EA7-B17A-51BE9790D76F}.Debug|Windows Mobile 5.0 Pocket PC SDK (ARMV4I).Deploy.0 = Debug|Windows Mobile 5.0 Pocket PC SDK (ARMV4I)
		{E413ED03-1C71-4EA7-B17A-51BE9790D76F}.Debug|Windows Mobile 5.0 Smartphone SDK (ARMV4I).ActiveCfg = Debug|Windows Mobile 5.0 Smartphone SDK (ARMV4I)
		{E413ED03-1C71-4EA7-B17A-51BE9790D76F}.Debug|Windows Mobile 5.0 Smartphone SDK (ARMV4I).Build.0 = Debug|Windows Mobile 5.0 Smartphone SDK (ARMV4I)
		{E413ED03-1C71-4EA7-B17A-51BE9790D76F}.Debug|Windows Mobile 5.0 Smartphone SDK (ARMV4I).Deploy.0 = Debug|Windows Mobile 5.0 Smartphone SDK (ARMV4I)
		{E413ED03-1C71-4EA7-B17A-51BE9790D76F}.Debug|Windows Mobile 6 Professional SDK (ARMV4I).ActiveCfg = Debug|Windows Mobile 6 Professional SDK (ARMV4I)
		{E413ED03-1C71-4EA7-B17A-51BE9790D76F}.Debug|Windows Mobile 6 Professional SDK (ARMV4I).Build.0 = Debug|Windows Mobile 6 Professional SDK (ARMV4I)
		{E413ED03-1C71-4EA7-B17A-51BE9790D76F}.Debug|Windows Mobile 6 Professional SDK (ARMV4I).Deploy.0 = Debug|Windows Mobile 6 Professional SDK (ARMV4I)
		{E413ED03-1C71-4EA7-B17A-51BE9790D76F}.Debug|Windows Mobile 6 Standard SDK (ARMV4I).ActiveCfg = Debug|Windows Mobile 6 Standard SDK (ARMV4I)
		{E413ED03-1C71-4EA7-B17A-51BE9790D76F}.Debug|Windows Mobile 6 Standard SDK (ARMV4I).Build.0 = Debug|Windows Mobile 6 Standard SDK (ARMV4I)
		{E413ED03-1C71-4EA7-B17A-51BE9790D76F}.Debug|Windows Mobile 6 Standard SDK (ARMV4I).Deploy.0 = Debug|Windows Mobile 6 Standard SDK (ARMV4I)
		{E413ED03-1C71-4EA7-B17A-51BE9790D76F}.Release|Pocket PC 2003 (ARMV4).ActiveCfg = Release|Pocket PC 2003 (ARMV4)
		{E413ED03-1C71-4EA7-B17A-51BE9790D76F}.Release|Pocket PC 2003 (ARMV4).Build.0 = Release|Pocket PC 2003 (ARMV4)
		{E413ED03-1C71-4EA7-B17A-51BE9790D76F}.Release|Pocket PC 2003 (ARMV4).Deploy.0 = Release|Pocket PC 2003 (ARMV4)
		{E413ED03-1C71-4EA7-B17A-51BE9790D76F}.Release|Smartphone 2003 (ARMV4).ActiveCfg = Release|Smartphone 2003 (ARMV4)
		{E413ED03-1C71-4EA7-B17A-51BE9790D76F}.Release|Smartphone 2003 (ARMV4).Build.0 = Release|Smartphone 2003 (ARMV4)
		{E413ED03-1C71-4EA7-B17A-51BE9790D76F}.Release|Smartphone 2003 (ARMV4).Deploy.0 = Release|Smartphone 2003 (ARMV4)
		{E413ED03-1C71-4EA7-B17A-51BE9790D76F}.Release|Windows Mobile 5.0 Pocket PC SDK (ARMV4I).ActiveCfg = Release|Windows Mobile 5.0 Pocket PC SDK (ARMV4I)
		{E413ED03-1C71-4EA7-B17A-51BE9790D76F}.Release|Windows Mobile 5.0 Pocket PC SDK (ARMV4I).Build.0 = Release|Windows Mobile 5.0 Pocket PC SDK (ARMV4I)
		{E413ED03-1C71-4EA7-B17A-51BE9790D76F}.Release|Windows Mobile 5.0 Pocket PC SDK (ARMV4I).Deploy.0 = Release|Windows Mobile 5.0 Pocket PC SDK (ARMV4I)
		{E413ED03-1C71-4EA7-B17A-51BE9790D76F}.Release|Windows Mobile 5.0 Smartphone SDK (ARMV4I).ActiveCfg = Release|Windows Mobile 5.0 Smartphone SDK (ARMV4I)
		{E413ED03-1C71-4EA7-B17A-51BE9790D76F}.Release|Windows Mobile 5.0 Smartphone SDK (ARMV4I).Build.0 = Release|Windows Mobile 5.0 Smartphone SDK (ARMV4I)
		{E413ED03-1C71-4EA7-B17A-51BE9790D76F}.Release|Windows Mobile 5.0 Smartphone SDK (ARMV4I).Deploy.0 = Release|Windows Mobile 5.0 Smartphone SDK (ARMV4I)
		{E413ED03-1C71-4EA7-B17A-51BE9790D76F}.Release|Windows Mobile 6 Professional SDK (ARMV4I).ActiveCfg = Release|Windows Mobile 6 Professional SDK (ARMV4I)
		{E413ED03-1C71-4EA7-B17A-51BE9790D76F}.Release|Windows Mobile 6 Professional SDK (ARMV4I).Build.0 = Release|Windows Mobile 6 Professional SDK (ARMV4I)
		{E413ED03-1C71-4EA7-B17A-51BE9790D76F}.Release|Windows Mobile 6 Professional SDK (ARMV4I).Deploy.0 = Release|Windows Mobile 6 Professional SDK (ARMV4I)
		{E413ED03-1C71-4EA7-B17A-51BE9790D76F}.Release|Windows Mobile 6 Standard SDK (ARMV4I).ActiveCfg = Release|Windows Mobile 6 Standard SDK (ARMV4I)
		{E413ED03-1C71-4EA7-B17A-51BE9790D76F}.Release|Windows Mobile 6 Standard SDK (ARMV4I).Build.0 = Release|Windows Mobile 6 Standard SDK (ARMV4I)
		{E413ED03-1C71-4EA7-B17A-51BE9790D76F}.Release|Windows Mobile 6 Standard SDK (ARMV4I).Deploy.0 = Release|Windows Mobile 6 Standard SDK (ARMV4I)
		{E413ED03-1C71-4EA7-B17A-51BE9790D76F}.ReleaseCE|Pocket PC 2003 (ARMV4).ActiveCfg = Release|Windows Mobile 6 Professional SDK (ARMV4I)
		{E413ED03-1C71-4EA7-B17A-51BE9790D76F}.ReleaseCE|Smartphone 2003 (ARMV4).ActiveCfg = Release|Windows Mobile 6 Professional SDK (ARMV4I)
		{E413ED03-1C71-4EA7-B17A-51BE9790D76F}.ReleaseCE|Windows Mobile 5.0 Pocket PC SDK (ARMV4I).ActiveCfg = Release|Windows Mobile 6 Professional SDK (ARMV4I)
		{E413ED03-1C71-4EA7-B17A-51BE9790D76F}.ReleaseCE|Windows Mobile 5.0 Smartphone SDK (ARMV4I).ActiveCfg = Release|Windows Mobile 6 Professional SDK (ARMV4I)
		{E413ED03-1C71-4EA7-B17A-51BE9790D76F}.ReleaseCE|Windows Mobile 6 Professional SDK (ARMV4I).ActiveCfg = Release|Windows Mobile 6 Professional SDK (ARMV4I)
		{E413ED03-1C71-4EA7-B17A-51BE9790D76F}.ReleaseCE|Windows Mobile 6 Professional SDK (ARMV4I).Build.0 = Release|Windows Mobile 6 Professional SDK (ARMV4I)
		{E413ED03-1C71-4EA7-B17A-51BE9790D76F}.ReleaseCE|Windows Mobile 6 Professional SDK (ARMV4I).Deploy.0 = Release|Windows Mobile 6 Professional SDK (ARMV4I)
		{E413ED03-1C71-4EA7-B17A-51BE9790D76F}.ReleaseCE|Windows Mobile 6 Standard SDK (ARMV4I).ActiveCfg = Release|Windows Mobile 6 Professional SDK (ARMV4I)
		{E29CF354-D45C-4BE6-893D-180357CFEA7F}.Debug|Pocket PC 2003 (ARMV4).ActiveCfg = Debug|Windows Mobile 5.0 Smartphone SDK (ARMV4I)
		{E29CF354-D45C-4BE6-893D-180357CFEA7F}.Debug|Smartphone 2003 (ARMV4).ActiveCfg = Debug|Windows Mobile 5.0 Smartphone SDK (ARMV4I)
		{E29CF354-D45C-4BE6-893D-180357CFEA7F}.Debug|Windows Mobile 5.0 Pocket PC SDK (ARMV4I).ActiveCfg = Debug|Windows Mobile 5.0 Pocket PC SDK (ARMV4I)
		{E29CF354-D45C-4BE6-893D-180357CFEA7F}.Debug|Windows Mobile 5.0 Pocket PC SDK (ARMV4I).Build.0 = Debug|Windows Mobile 5.0 Pocket PC SDK (ARMV4I)
		{E29CF354-D45C-4BE6-893D-180357CFEA7F}.Debug|Windows Mobile 5.0 Pocket PC SDK (ARMV4I).Deploy.0 = Debug|Windows Mobile 5.0 Pocket PC SDK (ARMV4I)
		{E29CF354-D45C-4BE6-893D-180357CFEA7F}.Debug|Windows Mobile 5.0 Smartphone SDK (ARMV4I).ActiveCfg = Debug|Windows Mobile 5.0 Smartphone SDK (ARMV4I)
		{E29CF354-D45C-4BE6-893D-180357CFEA7F}.Debug|Windows Mobile 5.0 Smartphone SDK (ARMV4I).Build.0 = Debug|Windows Mobile 5.0 Smartphone SDK (ARMV4I)
		{E29CF354-D45C-4BE6-893D-180357CFEA7F}.Debug|Windows Mobile 5.0 Smartphone SDK (ARMV4I).Deploy.0 = Debug|Windows Mobile 5.0 Smartphone SDK (ARMV4I)
		{E29CF354-D45C-4BE6-893D-180357CFEA7F}.Debug|Windows Mobile 6 Professional SDK (ARMV4I).ActiveCfg = Debug|Windows Mobile 5.0 Smartphone SDK (ARMV4I)
		{E29CF354-D45C-4BE6-893D-180357CFEA7F}.Debug|Windows Mobile 6 Standard SDK (ARMV4I).ActiveCfg = Debug|Windows Mobile 5.0 Smartphone SDK (ARMV4I)
		{E29CF354-D45C-4BE6-893D-180357CFEA7F}.Release|Pocket PC 2003 (ARMV4).ActiveCfg = Release|Windows Mobile 5.0 Smartphone SDK (ARMV4I)
		{E29CF354-D45C-4BE6-893D-180357CFEA7F}.Release|Smartphone 2003 (ARMV4).ActiveCfg = Release|Windows Mobile 5.0 Smartphone SDK (ARMV4I)
		{E29CF354-D45C-4BE6-893D-180357CFEA7F}.Release|Windows Mobile 5.0 Pocket PC SDK (ARMV4I).ActiveCfg = Release|Windows Mobile 5.0 Pocket PC SDK (ARMV4I)
		{E29CF354-D45C-4BE6-893D-180357CFEA7F}.Release|Windows Mobile 5.0 Pocket PC SDK (ARMV4I).Build.0 = Release|Windows Mobile 5.0 Pocket PC SDK (ARMV4I)
		{E29CF354-D45C-4BE6-893D-180357CFEA7F}.Release|Windows Mobile 5.0 Pocket PC SDK (ARMV4I).Deploy.0 = Release|Windows Mobile 5.0 Pocket PC SDK (ARMV4I)
		{E29CF354-D45C-4BE6-893D-180357CFEA7F}.Release|Windows Mobile 5.0 Smartphone SDK (ARMV4I).ActiveCfg = Release|Windows Mobile 5.0 Smartphone SDK (ARMV4I)
		{E29CF354-D45C-4BE6-893D-180357CFEA7F}.Release|Windows Mobile 5.0 Smartphone SDK (ARMV4I).Build.0 = Release|Windows Mobile 5.0 Smartphone SDK (ARMV4I)
		{E29CF354-D45C-4BE6-893D-180357CFEA7F}.Release|Windows Mobile 5.0 Smartphone SDK (ARMV4I).Deploy.0 = Release|Windows Mobile 5.0 Smartphone SDK (ARMV4I)
		{E29CF354-D45C-4BE6-893D-180357CFEA7F}.Release|Windows Mobile 6 Professional SDK (ARMV4I).ActiveCfg = Release|Windows Mobile 5.0 Smartphone SDK (ARMV4I)
		{E29CF354-D45C-4BE6-893D-180357CFEA7F}.Release|Windows Mobile 6 Standard SDK (ARMV4I).ActiveCfg = Release|Windows Mobile 5.0 Smartphone SDK (ARMV4I)
		{E29CF354-D45C-4BE6-893D-180357CFEA7F}.ReleaseCE|Pocket PC 2003 (ARMV4).ActiveCfg = Release|Windows Mobile 5.0 Smartphone SDK (ARMV4I)
		{E29CF354-D45C-4BE6-893D-180357CFEA7F}.ReleaseCE|Smartphone 2003 (ARMV4).ActiveCfg = Release|Windows Mobile 5.0 Smartphone SDK (ARMV4I)
		{E29CF354-D45C-4BE6-893D-180357CFEA7F}.ReleaseCE|Windows Mobile 5.0 Pocket PC SDK (ARMV4I).ActiveCfg = Release|Windows Mobile 5.0 Smartphone SDK (ARMV4I)
		{E29CF354-D45C-4BE6-893D-180357CFEA7F}.ReleaseCE|Windows Mobile 5.0 Smartphone SDK (ARMV4I).ActiveCfg = Release|Windows Mobile 5.0 Smartphone SDK (ARMV4I)
		{E29CF354-D45C-4BE6-893D-180357CFEA7F}.ReleaseCE|Windows Mobile 5.0 Smartphone SDK (ARMV4I).Build.0 = Release|Windows Mobile 5.0 Smartphone SDK (ARMV4I)
		{E29CF354-D45C-4BE6-893D-180357CFEA7F}.ReleaseCE|Windows Mobile 5.0 Smartphone SDK (ARMV4I).Deploy.0 = Release|Windows Mobile 5.0 Smartphone SDK (ARMV4I)
		{E29CF354-D45C-4BE6-893D-180357CFEA7F}.ReleaseCE|Windows Mobile 6 Professional SDK (ARMV4I).ActiveCfg = Release|Windows Mobile 5.0 Smartphone SDK (ARMV4I)
		{E29CF354-D45C-4BE6-893D-180357CFEA7F}.ReleaseCE|Windows Mobile 6 Standard SDK (ARMV4I).ActiveCfg = Release|Windows Mobile 5.0 Smartphone SDK (ARMV4I)
	EndGlobalSection
	GlobalSection(SolutionProperties) = preSolution
		HideSolutionNode = FALSE
	EndGlobalSection
EndGlobal
